
Microsoft Visual Studio Solution File, Format Version 12.00
# Visual Studio Version 17
VisualStudioVersion = 17.3.32819.101
MinimumVisualStudioVersion = 10.0.40219.1
Project("{FAE04EC0-301F-11D3-BF4B-00C04F79EFBC}") = "WikiClase", "WikiClase.csproj", "{A23E1F70-DB49-45C8-AE08-CA8F918E0A5D}"
EndProject
Global
	GlobalSection(SolutionConfigurationPlatforms) = preSolution
		Debug|Any CPU = Debug|Any CPU
		Release|Any CPU = Release|Any CPU
	EndGlobalSection
	GlobalSection(ProjectConfigurationPlatforms) = postSolution
		{A23E1F70-DB49-45C8-AE08-CA8F918E0A5D}.Debug|Any CPU.ActiveCfg = Debug|Any CPU
		{A23E1F70-DB49-45C8-AE08-CA8F918E0A5D}.Debug|Any CPU.Build.0 = Debug|Any CPU
		{A23E1F70-DB49-45C8-AE08-CA8F918E0A5D}.Release|Any CPU.ActiveCfg = Release|Any CPU
		{A23E1F70-DB49-45C8-AE08-CA8F918E0A5D}.Release|Any CPU.Build.0 = Release|Any CPU
	EndGlobalSection
	GlobalSection(SolutionProperties) = preSolution
		HideSolutionNode = FALSE
	EndGlobalSection
	GlobalSection(ExtensibilityGlobals) = postSolution
		SolutionGuid = {2540D02D-B2AB-4971-AC83-279B3462B883}
	EndGlobalSection
EndGlobal
